
Microsoft Visual Studio Solution File, Format Version 12.00
# Visual Studio Version 16
VisualStudioVersion = 16.0.29230.47
MinimumVisualStudioVersion = 10.0.40219.1
Project("{8BC9CEB8-8B4A-11D0-8D11-00A0C91BC942}") = "TeamInnovationAdventureGame", "TeamInnovationAdventureGame.vcxproj", "{EB09DD04-A22A-456D-B75D-62317C1A0B62}"
EndProject
Project("{8BC9CEB8-8B4A-11D0-8D11-00A0C91BC942}") = "TeamInnovationUnitTests", "TeamInnovationUnitTests\TeamInnovationUnitTests.vcxproj", "{F59C8A1F-C6E3-4D1D-9C21-DB35A5252BDF}"
EndProject
Global
	GlobalSection(SolutionConfigurationPlatforms) = preSolution
		Debug|x64 = Debug|x64
		Debug|x86 = Debug|x86
		Release|x64 = Release|x64
		Release|x86 = Release|x86
	EndGlobalSection
	GlobalSection(ProjectConfigurationPlatforms) = postSolution
		{EB09DD04-A22A-456D-B75D-62317C1A0B62}.Debug|x64.ActiveCfg = Debug|x64
		{EB09DD04-A22A-456D-B75D-62317C1A0B62}.Debug|x64.Build.0 = Debug|x64
		{EB09DD04-A22A-456D-B75D-62317C1A0B62}.Debug|x86.ActiveCfg = Debug|Win32
		{EB09DD04-A22A-456D-B75D-62317C1A0B62}.Debug|x86.Build.0 = Debug|Win32
		{EB09DD04-A22A-456D-B75D-62317C1A0B62}.Release|x64.ActiveCfg = Release|x64
		{EB09DD04-A22A-456D-B75D-62317C1A0B62}.Release|x64.Build.0 = Release|x64
		{EB09DD04-A22A-456D-B75D-62317C1A0B62}.Release|x86.ActiveCfg = Release|x64
		{EB09DD04-A22A-456D-B75D-62317C1A0B62}.Release|x86.Build.0 = Release|x64
		{F59C8A1F-C6E3-4D1D-9C21-DB35A5252BDF}.Debug|x64.ActiveCfg = Debug|x64
		{F59C8A1F-C6E3-4D1D-9C21-DB35A5252BDF}.Debug|x64.Build.0 = Debug|x64
		{F59C8A1F-C6E3-4D1D-9C21-DB35A5252BDF}.Debug|x86.ActiveCfg = Debug|Win32
		{F59C8A1F-C6E3-4D1D-9C21-DB35A5252BDF}.Debug|x86.Build.0 = Debug|Win32
		{F59C8A1F-C6E3-4D1D-9C21-DB35A5252BDF}.Release|x64.ActiveCfg = Release|x64
		{F59C8A1F-C6E3-4D1D-9C21-DB35A5252BDF}.Release|x64.Build.0 = Release|x64
		{F59C8A1F-C6E3-4D1D-9C21-DB35A5252BDF}.Release|x86.ActiveCfg = Release|x64
		{F59C8A1F-C6E3-4D1D-9C21-DB35A5252BDF}.Release|x86.Build.0 = Release|x64
	EndGlobalSection
	GlobalSection(SolutionProperties) = preSolution
		HideSolutionNode = FALSE
	EndGlobalSection
	GlobalSection(ExtensibilityGlobals) = postSolution
		SolutionGuid = {9C5D609C-115F-43EC-8302-B65583A5E50A}
	EndGlobalSection
EndGlobal
